
Microsoft Visual Studio Solution File, Format Version 12.00
# Visual Studio Version 16
VisualStudioVersion = 25.0.1706.11
MinimumVisualStudioVersion = 10.0.40219.1
Project("{FAE04EC0-301F-11D3-BF4B-00C04F79EFBC}") = "GymManagement", "GymManagement\GymManagement.csproj", "{1B77BA3B-B8EA-4EA4-ABAC-957E04934D64}"
EndProject
Global
	GlobalSection(SolutionConfigurationPlatforms) = preSolution
		Debug|Any CPU = Debug|Any CPU
		Release|Any CPU = Release|Any CPU
	EndGlobalSection
	GlobalSection(ProjectConfigurationPlatforms) = postSolution
		{1B77BA3B-B8EA-4EA4-ABAC-957E04934D64}.Debug|Any CPU.ActiveCfg = Debug|Any CPU
		{1B77BA3B-B8EA-4EA4-ABAC-957E04934D64}.Debug|Any CPU.Build.0 = Debug|Any CPU
		{1B77BA3B-B8EA-4EA4-ABAC-957E04934D64}.Release|Any CPU.ActiveCfg = Release|Any CPU
		{1B77BA3B-B8EA-4EA4-ABAC-957E04934D64}.Release|Any CPU.Build.0 = Release|Any CPU
	EndGlobalSection
	GlobalSection(SolutionProperties) = preSolution
		HideSolutionNode = FALSE
	EndGlobalSection
	GlobalSection(ExtensibilityGlobals) = postSolution
		SolutionGuid = {D187343E-EBE0-44F9-BCA4-4632EAB50E30}
	EndGlobalSection
EndGlobal
